// !$*UTF8*$!
{
	archiveVersion = 1;
	classes = {
	};
	objectVersion = 56;
	objects = {

/* Begin PBXBuildFile section */
		5B3C33D92A5BC33500B16C1B /* AppDelegate.swift in Sources */ = {isa = PBXBuildFile; fileRef = 5B3C33D82A5BC33500B16C1B /* AppDelegate.swift */; };
		5B3C33DB2A5BC33500B16C1B /* SceneDelegate.swift in Sources */ = {isa = PBXBuildFile; fileRef = 5B3C33DA2A5BC33500B16C1B /* SceneDelegate.swift */; };
		5B3C33DD2A5BC33500B16C1B /* ViewController.swift in Sources */ = {isa = PBXBuildFile; fileRef = 5B3C33DC2A5BC33500B16C1B /* ViewController.swift */; };
		5B3C33E02A5BC33500B16C1B /* Main.storyboard in Resources */ = {isa = PBXBuildFile; fileRef = 5B3C33DE2A5BC33500B16C1B /* Main.storyboard */; };
		5B3C33E22A5BC33600B16C1B /* Assets.xcassets in Resources */ = {isa = PBXBuildFile; fileRef = 5B3C33E12A5BC33600B16C1B /* Assets.xcassets */; };
		5B3C33E52A5BC33600B16C1B /* LaunchScreen.storyboard in Resources */ = {isa = PBXBuildFile; fileRef = 5B3C33E32A5BC33600B16C1B /* LaunchScreen.storyboard */; };
		5B3C33ED2A5C807000B16C1B /* mixkit-arcade-game-jump-coin-216.mp3 in Resources */ = {isa = PBXBuildFile; fileRef = 5B3C33EC2A5C807000B16C1B /* mixkit-arcade-game-jump-coin-216.mp3 */; };
/* End PBXBuildFile section */

/* Begin PBXFileReference section */
		5B3C33D52A5BC33500B16C1B /* newProj.app */ = {isa = PBXFileReference; explicitFileType = wrapper.application; includeInIndex = 0; path = newProj.app; sourceTree = BUILT_PRODUCTS_DIR; };
		5B3C33D82A5BC33500B16C1B /* AppDelegate.swift */ = {isa = PBXFileReference; lastKnownFileType = sourcecode.swift; path = AppDelegate.swift; sourceTree = "<group>"; };
		5B3C33DA2A5BC33500B16C1B /* SceneDelegate.swift */ = {isa = PBXFileReference; lastKnownFileType = sourcecode.swift; path = SceneDelegate.swift; sourceTree = "<group>"; };
		5B3C33DC2A5BC33500B16C1B /* ViewController.swift */ = {isa = PBXFileReference; lastKnownFileType = sourcecode.swift; path = ViewController.swift; sourceTree = "<group>"; };
		5B3C33DF2A5BC33500B16C1B /* Base */ = {isa = PBXFileReference; lastKnownFileType = file.storyboard; name = Base; path = Base.lproj/Main.storyboard; sourceTree = "<group>"; };
		5B3C33E12A5BC33600B16C1B /* Assets.xcassets */ = {isa = PBXFileReference; lastKnownFileType = folder.assetcatalog; path = Assets.xcassets; sourceTree = "<group>"; };
		5B3C33E42A5BC33600B16C1B /* Base */ = {isa = PBXFileReference; lastKnownFileType = file.storyboard; name = Base; path = Base.lproj/LaunchScreen.storyboard; sourceTree = "<group>"; };
		5B3C33E62A5BC33600B16C1B /* Info.plist */ = {isa = PBXFileReference; lastKnownFileType = text.plist.xml; path = Info.plist; sourceTree = "<group>"; };
		5B3C33EC2A5C807000B16C1B /* mixkit-arcade-game-jump-coin-216.mp3 */ = {isa = PBXFileReference; lastKnownFileType = audio.mp3; name = "mixkit-arcade-game-jump-coin-216.mp3"; path = "../../../Downloads/mixkit-arcade-game-jump-coin-216.mp3"; sourceTree = "<group>"; };
/* End PBXFileReference section */

/* Begin PBXFrameworksBuildPhase section */
		5B3C33D22A5BC33500B16C1B /* Frameworks */ = {
			isa = PBXFrameworksBuildPhase;
			buildActionMask = 2147483647;
			files = (
			);
			runOnlyForDeploymentPostprocessing = 0;
		};
/* End PBXFrameworksBuildPhase section */

/* Begin PBXGroup section */
		5B3C33CC2A5BC33500B16C1B = {
			isa = PBXGroup;
			children = (
				5B3C33EC2A5C807000B16C1B /* mixkit-arcade-game-jump-coin-216.mp3 */,
				5B3C33D72A5BC33500B16C1B /* newProj */,
				5B3C33D62A5BC33500B16C1B /* Products */,
			);
			sourceTree = "<group>";
		};
		5B3C33D62A5BC33500B16C1B /* Products */ = {
			isa = PBXGroup;
			children = (
				5B3C33D52A5BC33500B16C1B /* newProj.app */,
			);
			name = Products;
			sourceTree = "<group>";
		};
		5B3C33D72A5BC33500B16C1B /* newProj */ = {
			isa = PBXGroup;
			children = (
				5B3C33D82A5BC33500B16C1B /* AppDelegate.swift */,
				5B3C33DA2A5BC33500B16C1B /* SceneDelegate.swift */,
				5B3C33DC2A5BC33500B16C1B /* ViewController.swift */,
				5B3C33DE2A5BC33500B16C1B /* Main.storyboard */,
				5B3C33E12A5BC33600B16C1B /* Assets.xcassets */,
				5B3C33E32A5BC33600B16C1B /* LaunchScreen.storyboard */,
				5B3C33E62A5BC33600B16C1B /* Info.plist */,
			);
			path = newProj;
			sourceTree = "<group>";
		};
/* End PBXGroup section */

/* Begin PBXNativeTarget section */
		5B3C33D42A5BC33500B16C1B /* newProj */ = {
			isa = PBXNativeTarget;
			buildConfigurationList = 5B3C33E92A5BC33600B16C1B /* Build configuration list for PBXNativeTarget "newProj" */;
			buildPhases = (
				5B3C33D12A5BC33500B16C1B /* Sources */,
				5B3C33D22A5BC33500B16C1B /* Frameworks */,
				5B3C33D32A5BC33500B16C1B /* Resources */,
			);
			buildRules = (
			);
			dependencies = (
			);
			name = newProj;
			productName = newProj;
			productReference = 5B3C33D52A5BC33500B16C1B /* newProj.app */;
			productType = "com.apple.product-type.application";
		};
/* End PBXNativeTarget section */

/* Begin PBXProject section */
		5B3C33CD2A5BC33500B16C1B /* Project object */ = {
			isa = PBXProject;
			attributes = {
				BuildIndependentTargetsInParallel = 1;
				LastSwiftUpdateCheck = 1430;
				LastUpgradeCheck = 1430;
				TargetAttributes = {
					5B3C33D42A5BC33500B16C1B = {
						CreatedOnToolsVersion = 14.3.1;
					};
				};
			};
			buildConfigurationList = 5B3C33D02A5BC33500B16C1B /* Build configuration list for PBXProject "newProj" */;
			compatibilityVersion = "Xcode 14.0";
			developmentRegion = en;
			hasScannedForEncodings = 0;
			knownRegions = (
				en,
				Base,
			);
			mainGroup = 5B3C33CC2A5BC33500B16C1B;
			productRefGroup = 5B3C33D62A5BC33500B16C1B /* Products */;
			projectDirPath = "";
			projectRoot = "";
			targets = (
				5B3C33D42A5BC33500B16C1B /* newProj */,
			);
		};
/* End PBXProject section */

/* Begin PBXResourcesBuildPhase section */
		5B3C33D32A5BC33500B16C1B /* Resources */ = {
			isa = PBXResourcesBuildPhase;
			buildActionMask = 2147483647;
			files = (
				5B3C33ED2A5C807000B16C1B /* mixkit-arcade-game-jump-coin-216.mp3 in Resources */,
				5B3C33E52A5BC33600B16C1B /* LaunchScreen.storyboard in Resources */,
				5B3C33E22A5BC33600B16C1B /* Assets.xcassets in Resources */,
				5B3C33E02A5BC33500B16C1B /* Main.storyboard in Resources */,
			);
			runOnlyForDeploymentPostprocessing = 0;
		};
/* End PBXResourcesBuildPhase section */

/* Begin PBXSourcesBuildPhase section */
		5B3C33D12A5BC33500B16C1B /* Sources */ = {
			isa = PBXSourcesBuildPhase;
			buildActionMask = 2147483647;
			files = (
				5B3C33DD2A5BC33500B16C1B /* ViewController.swift in Sources */,
				5B3C33D92A5BC33500B16C1B /* AppDelegate.swift in Sources */,
				5B3C33DB2A5BC33500B16C1B /* SceneDelegate.swift in Sources */,
			);
			runOnlyForDeploymentPostprocessing = 0;
		};
/* End PBXSourcesBuildPhase section */

/* Begin PBXVariantGroup section */
		5B3C33DE2A5BC33500B16C1B /* Main.storyboard */ = {
			isa = PBXVariantGroup;
			children = (
				5B3C33DF2A5BC33500B16C1B /* Base */,
			);
			name = Main.storyboard;
			sourceTree = "<group>";
		};
		5B3C33E32A5BC33600B16C1B /* LaunchScreen.storyboard */ = {
			isa = PBXVariantGroup;
			children = (
				5B3C33E42A5BC33600B16C1B /* Base */,
			);
			name = LaunchScreen.storyboard;
			sourceTree = "<group>";
		};
/* End PBXVariantGroup section */

/* Begin XCBuildConfiguration section */
		5B3C33E72A5BC33600B16C1B /* Debug */ = {
			isa = XCBuildConfiguration;
			buildSettings = {
				ALWAYS_SEARCH_USER_PATHS = NO;
				CLANG_ANALYZER_NONNULL = YES;
				CLANG_ANALYZER_NUMBER_OBJECT_CONVERSION = YES_AGGRESSIVE;
				CLANG_CXX_LANGUAGE_STANDARD = "gnu++20";
				CLANG_ENABLE_MODULES = YES;
				CLANG_ENABLE_OBJC_ARC = YES;
				CLANG_ENABLE_OBJC_WEAK = YES;
				CLANG_WARN_BLOCK_CAPTURE_AUTORELEASING = YES;
				CLANG_WARN_BOOL_CONVERSION = YES;
				CLANG_WARN_COMMA = YES;
				CLANG_WARN_CONSTANT_CONVERSION = YES;
				CLANG_WARN_DEPRECATED_OBJC_IMPLEMENTATIONS = YES;
				CLANG_WARN_DIRECT_OBJC_ISA_USAGE = YES_ERROR;
				CLANG_WARN_DOCUMENTATION_COMMENTS = YES;
				CLANG_WARN_EMPTY_BODY = YES;
				CLANG_WARN_ENUM_CONVERSION = YES;
				CLANG_WARN_INFINITE_RECURSION = YES;
				CLANG_WARN_INT_CONVERSION = YES;
				CLANG_WARN_NON_LITERAL_NULL_CONVERSION = YES;
				CLANG_WARN_OBJC_IMPLICIT_RETAIN_SELF = YES;
				CLANG_WARN_OBJC_LITERAL_CONVERSION = YES;
				CLANG_WARN_OBJC_ROOT_CLASS = YES_ERROR;
				CLANG_WARN_QUOTED_INCLUDE_IN_FRAMEWORK_HEADER = YES;
				CLANG_WARN_RANGE_LOOP_ANALYSIS = YES;
				CLANG_WARN_STRICT_PROTOTYPES = YES;
				CLANG_WARN_SUSPICIOUS_MOVE = YES;
				CLANG_WARN_UNGUARDED_AVAILABILITY = YES_AGGRESSIVE;
				CLANG_WARN_UNREACHABLE_CODE = YES;
				CLANG_WARN__DUPLICATE_METHOD_MATCH = YES;
				COPY_PHASE_STRIP = NO;
				DEBUG_INFORMATION_FORMAT = dwarf;
				ENABLE_STRICT_OBJC_MSGSEND = YES;
				ENABLE_TESTABILITY = YES;
				GCC_C_LANGUAGE_STANDARD = gnu11;
				GCC_DYNAMIC_NO_PIC = NO;
				GCC_NO_COMMON_BLOCKS = YES;
				GCC_OPTIMIZATION_LEVEL = 0;
				GCC_PREPROCESSOR_DEFINITIONS = (
					"DEBUG=1",
					"$(inherited)",
				);
				GCC_WARN_64_TO_32_BIT_CONVERSION = YES;
				GCC_WARN_ABOUT_RETURN_TYPE = YES_ERROR;
				GCC_WARN_UNDECLARED_SELECTOR = YES;
				GCC_WARN_UNINITIALIZED_AUTOS = YES_AGGRESSIVE;
				GCC_WARN_UNUSED_FUNCTION = YES;
				GCC_WARN_UNUSED_VARIABLE = YES;
				IPHONEOS_DEPLOYMENT_TARGET = 16.4;
				MTL_ENABLE_DEBUG_INFO = INCLUDE_SOURCE;
				MTL_FAST_MATH = YES;
				ONLY_ACTIVE_ARCH = YES;
				SDKROOT = iphoneos;
				SWIFT_ACTIVE_COMPILATION_CONDITIONS = DEBUG;
				SWIFT_OPTIMIZATION_LEVEL = "-Onone";
			};
			name = Debug;
		};
		5B3C33E82A5BC33600B16C1B /* Release */ = {
			isa = XCBuildConfiguration;
			buildSettings = {
				ALWAYS_SEARCH_USER_PATHS = NO;
				CLANG_ANALYZER_NONNULL = YES;
				CLANG_ANALYZER_NUMBER_OBJECT_CONVERSION = YES_AGGRESSIVE;
				CLANG_CXX_LANGUAGE_STANDARD = "gnu++20";
				CLANG_ENABLE_MODULES = YES;
				CLANG_ENABLE_OBJC_ARC = YES;
				CLANG_ENABLE_OBJC_WEAK = YES;
				CLANG_WARN_BLOCK_CAPTURE_AUTORELEASING = YES;
				CLANG_WARN_BOOL_CONVERSION = YES;
				CLANG_WARN_COMMA = YES;
				CLANG_WARN_CONSTANT_CONVERSION = YES;
				CLANG_WARN_DEPRECATED_OBJC_IMPLEMENTATIONS = YES;
				CLANG_WARN_DIRECT_OBJC_ISA_USAGE = YES_ERROR;
				CLANG_WARN_DOCUMENTATION_COMMENTS = YES;
				CLANG_WARN_EMPTY_BODY = YES;
				CLANG_WARN_ENUM_CONVERSION = YES;
				CLANG_WARN_INFINITE_RECURSION = YES;
				CLANG_WARN_INT_CONVERSION = YES;
				CLANG_WARN_NON_LITERAL_NULL_CONVERSION = YES;
				CLANG_WARN_OBJC_IMPLICIT_RETAIN_SELF = YES;
				CLANG_WARN_OBJC_LITERAL_CONVERSION = YES;
				CLANG_WARN_OBJC_ROOT_CLASS = YES_ERROR;
				CLANG_WARN_QUOTED_INCLUDE_IN_FRAMEWORK_HEADER = YES;
				CLANG_WARN_RANGE_LOOP_ANALYSIS = YES;
				CLANG_WARN_STRICT_PROTOTYPES = YES;
				CLANG_WARN_SUSPICIOUS_MOVE = YES;
				CLANG_WARN_UNGUARDED_AVAILABILITY = YES_AGGRESSIVE;
				CLANG_WARN_UNREACHABLE_CODE = YES;
				CLANG_WARN__DUPLICATE_METHOD_MATCH = YES;
				COPY_PHASE_STRIP = NO;
				DEBUG_INFORMATION_FORMAT = "dwarf-with-dsym";
				ENABLE_NS_ASSERTIONS = NO;
				ENABLE_STRICT_OBJC_MSGSEND = YES;
				GCC_C_LANGUAGE_STANDARD = gnu11;
				GCC_NO_COMMON_BLOCKS = YES;
				GCC_WARN_64_TO_32_BIT_CONVERSION = YES;
				GCC_WARN_ABOUT_RETURN_TYPE = YES_ERROR;
				GCC_WARN_UNDECLARED_SELECTOR = YES;
				GCC_WARN_UNINITIALIZED_AUTOS = YES_AGGRESSIVE;
				GCC_WARN_UNUSED_FUNCTION = YES;
				GCC_WARN_UNUSED_VARIABLE = YES;
				IPHONEOS_DEPLOYMENT_TARGET = 16.4;
				MTL_ENABLE_DEBUG_INFO = NO;
				MTL_FAST_MATH = YES;
				SDKROOT = iphoneos;
				SWIFT_COMPILATION_MODE = wholemodule;
				SWIFT_OPTIMIZATION_LEVEL = "-O";
				VALIDATE_PRODUCT = YES;
			};
			name = Release;
		};
		5B3C33EA2A5BC33600B16C1B /* Debug */ = {
			isa = XCBuildConfiguration;
			buildSettings = {
				ASSETCATALOG_COMPILER_APPICON_NAME = AppIcon;
				ASSETCATALOG_COMPILER_GLOBAL_ACCENT_COLOR_NAME = AccentColor;
				CODE_SIGN_STYLE = Automatic;
				CURRENT_PROJECT_VERSION = 1;
				GENERATE_INFOPLIST_FILE = YES;
				INFOPLIST_FILE = newProj/Info.plist;
				INFOPLIST_KEY_UIApplicationSupportsIndirectInputEvents = YES;
				INFOPLIST_KEY_UILaunchStoryboardName = LaunchScreen;
				INFOPLIST_KEY_UIMainStoryboardFile = Main;
				INFOPLIST_KEY_UISupportedInterfaceOrientations_iPad = "UIInterfaceOrientationPortrait UIInterfaceOrientationPortraitUpsideDown UIInterfaceOrientationLandscapeLeft UIInterfaceOrientationLandscapeRight";
				INFOPLIST_KEY_UISupportedInterfaceOrientations_iPhone = "UIInterfaceOrientationPortrait UIInterfaceOrientationLandscapeLeft UIInterfaceOrientationLandscapeRight";
				LD_RUNPATH_SEARCH_PATHS = (
					"$(inherited)",
					"@executable_path/Frameworks",
				);
				MARKETING_VERSION = 1.0;
				PRODUCT_BUNDLE_IDENTIFIER = newproj.newProj;
				PRODUCT_NAME = "$(TARGET_NAME)";
				SWIFT_EMIT_LOC_STRINGS = YES;
				SWIFT_VERSION = 5.0;
				TARGETED_DEVICE_FAMILY = "1,2";
			};
			name = Debug;
		};
		5B3C33EB2A5BC33600B16C1B /* Release */ = {
			isa = XCBuildConfiguration;
			buildSettings = {
				ASSETCATALOG_COMPILER_APPICON_NAME = AppIcon;
				ASSETCATALOG_COMPILER_GLOBAL_ACCENT_COLOR_NAME = AccentColor;
				CODE_SIGN_STYLE = Automatic;
				CURRENT_PROJECT_VERSION = 1;
				GENERATE_INFOPLIST_FILE = YES;
				INFOPLIST_FILE = newProj/Info.plist;
				INFOPLIST_KEY_UIApplicationSupportsIndirectInputEvents = YES;
				INFOPLIST_KEY_UILaunchStoryboardName = LaunchScreen;
				INFOPLIST_KEY_UIMainStoryboardFile = Main;
				INFOPLIST_KEY_UISupportedInterfaceOrientations_iPad = "UIInterfaceOrientationPortrait UIInterfaceOrientationPortraitUpsideDown UIInterfaceOrientationLandscapeLeft UIInterfaceOrientationLandscapeRight";
				INFOPLIST_KEY_UISupportedInterfaceOrientations_iPhone = "UIInterfaceOrientationPortrait UIInterfaceOrientationLandscapeLeft UIInterfaceOrientationLandscapeRight";
				LD_RUNPATH_SEARCH_PATHS = (
					"$(inherited)",
					"@executable_path/Frameworks",
				);
				MARKETING_VERSION = 1.0;
				PRODUCT_BUNDLE_IDENTIFIER = newproj.newProj;
				PRODUCT_NAME = "$(TARGET_NAME)";
				SWIFT_EMIT_LOC_STRINGS = YES;
				SWIFT_VERSION = 5.0;
				TARGETED_DEVICE_FAMILY = "1,2";
			};
			name = Release;
		};
/* End XCBuildConfiguration section */

/* Begin XCConfigurationList section */
		5B3C33D02A5BC33500B16C1B /* Build configuration list for PBXProject "newProj" */ = {
			isa = XCConfigurationList;
			buildConfigurations = (
				5B3C33E72A5BC33600B16C1B /* Debug */,
				5B3C33E82A5BC33600B16C1B /* Release */,
			);
			defaultConfigurationIsVisible = 0;
			defaultConfigurationName = Release;
		};
		5B3C33E92A5BC33600B16C1B /* Build configuration list for PBXNativeTarget "newProj" */ = {
			isa = XCConfigurationList;
			buildConfigurations = (
				5B3C33EA2A5BC33600B16C1B /* Debug */,
				5B3C33EB2A5BC33600B16C1B /* Release */,
			);
			defaultConfigurationIsVisible = 0;
			defaultConfigurationName = Release;
		};
/* End XCConfigurationList section */
	};
	rootObject = 5B3C33CD2A5BC33500B16C1B /* Project object */;
}
